// !$*UTF8*$!
{
	archiveVersion = 1;
	classes = {
	};
	objectVersion = 50;
	objects = {

/* Begin PBXBuildFile section */
		B4184A7021B8C0CD00A98C88 /* AppDelegate.swift in Sources */ = {isa = PBXBuildFile; fileRef = B4184A6F21B8C0CD00A98C88 /* AppDelegate.swift */; };
		B4184A7221B8C0CD00A98C88 /* ViewController.swift in Sources */ = {isa = PBXBuildFile; fileRef = B4184A7121B8C0CD00A98C88 /* ViewController.swift */; };
		B4184A7521B8C0CD00A98C88 /* Main.storyboard in Resources */ = {isa = PBXBuildFile; fileRef = B4184A7321B8C0CD00A98C88 /* Main.storyboard */; };
		B4184A7721B8C0D000A98C88 /* Assets.xcassets in Resources */ = {isa = PBXBuildFile; fileRef = B4184A7621B8C0D000A98C88 /* Assets.xcassets */; };
		B4184A7A21B8C0D000A98C88 /* LaunchScreen.storyboard in Resources */ = {isa = PBXBuildFile; fileRef = B4184A7821B8C0D000A98C88 /* LaunchScreen.storyboard */; };
		B4604CEC21B8CB74005B4A96 /* SecondViewController.swift in Sources */ = {isa = PBXBuildFile; fileRef = B4604CEB21B8CB74005B4A96 /* SecondViewController.swift */; };
		B4604CEE21B8E12D005B4A96 /* ThirdViewController.swift in Sources */ = {isa = PBXBuildFile; fileRef = B4604CED21B8E12D005B4A96 /* ThirdViewController.swift */; };
		B4604CF121B8FB88005B4A96 /* CustomAlert.swift in Sources */ = {isa = PBXBuildFile; fileRef = B4604CEF21B8FB88005B4A96 /* CustomAlert.swift */; };
		B4604CF221B8FB88005B4A96 /* CustomAlert.xib in Resources */ = {isa = PBXBuildFile; fileRef = B4604CF021B8FB88005B4A96 /* CustomAlert.xib */; };
/* End PBXBuildFile section */

/* Begin PBXFileReference section */
		B4184A6C21B8C0CD00A98C88 /* UIAlertController.app */ = {isa = PBXFileReference; explicitFileType = wrapper.application; includeInIndex = 0; path = UIAlertController.app; sourceTree = BUILT_PRODUCTS_DIR; };
		B4184A6F21B8C0CD00A98C88 /* AppDelegate.swift */ = {isa = PBXFileReference; lastKnownFileType = sourcecode.swift; path = AppDelegate.swift; sourceTree = "<group>"; };
		B4184A7121B8C0CD00A98C88 /* ViewController.swift */ = {isa = PBXFileReference; lastKnownFileType = sourcecode.swift; path = ViewController.swift; sourceTree = "<group>"; };
		B4184A7421B8C0CD00A98C88 /* Base */ = {isa = PBXFileReference; lastKnownFileType = file.storyboard; name = Base; path = Base.lproj/Main.storyboard; sourceTree = "<group>"; };
		B4184A7621B8C0D000A98C88 /* Assets.xcassets */ = {isa = PBXFileReference; lastKnownFileType = folder.assetcatalog; path = Assets.xcassets; sourceTree = "<group>"; };
		B4184A7921B8C0D000A98C88 /* Base */ = {isa = PBXFileReference; lastKnownFileType = file.storyboard; name = Base; path = Base.lproj/LaunchScreen.storyboard; sourceTree = "<group>"; };
		B4184A7B21B8C0D000A98C88 /* Info.plist */ = {isa = PBXFileReference; lastKnownFileType = text.plist.xml; path = Info.plist; sourceTree = "<group>"; };
		B4604CEB21B8CB74005B4A96 /* SecondViewController.swift */ = {isa = PBXFileReference; lastKnownFileType = sourcecode.swift; path = SecondViewController.swift; sourceTree = "<group>"; };
		B4604CED21B8E12D005B4A96 /* ThirdViewController.swift */ = {isa = PBXFileReference; lastKnownFileType = sourcecode.swift; path = ThirdViewController.swift; sourceTree = "<group>"; };
		B4604CEF21B8FB88005B4A96 /* CustomAlert.swift */ = {isa = PBXFileReference; lastKnownFileType = sourcecode.swift; path = CustomAlert.swift; sourceTree = "<group>"; };
		B4604CF021B8FB88005B4A96 /* CustomAlert.xib */ = {isa = PBXFileReference; lastKnownFileType = file.xib; path = CustomAlert.xib; sourceTree = "<group>"; };
/* End PBXFileReference section */

/* Begin PBXFrameworksBuildPhase section */
		B4184A6921B8C0CD00A98C88 /* Frameworks */ = {
			isa = PBXFrameworksBuildPhase;
			buildActionMask = 2147483647;
			files = (
			);
			runOnlyForDeploymentPostprocessing = 0;
		};
/* End PBXFrameworksBuildPhase section */

/* Begin PBXGroup section */
		B4184A6321B8C0CD00A98C88 = {
			isa = PBXGroup;
			children = (
				B4184A6E21B8C0CD00A98C88 /* UIAlertController */,
				B4184A6D21B8C0CD00A98C88 /* Products */,
			);
			sourceTree = "<group>";
		};
		B4184A6D21B8C0CD00A98C88 /* Products */ = {
			isa = PBXGroup;
			children = (
				B4184A6C21B8C0CD00A98C88 /* UIAlertController.app */,
			);
			name = Products;
			sourceTree = "<group>";
		};
		B4184A6E21B8C0CD00A98C88 /* UIAlertController */ = {
			isa = PBXGroup;
			children = (
				B4184A6F21B8C0CD00A98C88 /* AppDelegate.swift */,
				B4184A7121B8C0CD00A98C88 /* ViewController.swift */,
				B4604CEF21B8FB88005B4A96 /* CustomAlert.swift */,
				B4604CF021B8FB88005B4A96 /* CustomAlert.xib */,
				B4604CEB21B8CB74005B4A96 /* SecondViewController.swift */,
				B4604CED21B8E12D005B4A96 /* ThirdViewController.swift */,
				B4184A7321B8C0CD00A98C88 /* Main.storyboard */,
				B4184A7621B8C0D000A98C88 /* Assets.xcassets */,
				B4184A7821B8C0D000A98C88 /* LaunchScreen.storyboard */,
				B4184A7B21B8C0D000A98C88 /* Info.plist */,
			);
			path = UIAlertController;
			sourceTree = "<group>";
		};
/* End PBXGroup section */

/* Begin PBXNativeTarget section */
		B4184A6B21B8C0CD00A98C88 /* UIAlertController */ = {
			isa = PBXNativeTarget;
			buildConfigurationList = B4184A7E21B8C0D000A98C88 /* Build configuration list for PBXNativeTarget "UIAlertController" */;
			buildPhases = (
				B4184A6821B8C0CD00A98C88 /* Sources */,
				B4184A6921B8C0CD00A98C88 /* Frameworks */,
				B4184A6A21B8C0CD00A98C88 /* Resources */,
			);
			buildRules = (
			);
			dependencies = (
			);
			name = UIAlertController;
			productName = UIAlertController;
			productReference = B4184A6C21B8C0CD00A98C88 /* UIAlertController.app */;
			productType = "com.apple.product-type.application";
		};
/* End PBXNativeTarget section */

/* Begin PBXProject section */
		B4184A6421B8C0CD00A98C88 /* Project object */ = {
			isa = PBXProject;
			attributes = {
				LastSwiftUpdateCheck = 1010;
				LastUpgradeCheck = 1010;
				ORGANIZATIONNAME = lumanman;
				TargetAttributes = {
					B4184A6B21B8C0CD00A98C88 = {
						CreatedOnToolsVersion = 10.1;
					};
				};
			};
			buildConfigurationList = B4184A6721B8C0CD00A98C88 /* Build configuration list for PBXProject "UIAlertController" */;
			compatibilityVersion = "Xcode 9.3";
			developmentRegion = en;
			hasScannedForEncodings = 0;
			knownRegions = (
				en,
				Base,
			);
			mainGroup = B4184A6321B8C0CD00A98C88;
			productRefGroup = B4184A6D21B8C0CD00A98C88 /* Products */;
			projectDirPath = "";
			projectRoot = "";
			targets = (
				B4184A6B21B8C0CD00A98C88 /* UIAlertController */,
			);
		};
/* End PBXProject section */

/* Begin PBXResourcesBuildPhase section */
		B4184A6A21B8C0CD00A98C88 /* Resources */ = {
			isa = PBXResourcesBuildPhase;
			buildActionMask = 2147483647;
			files = (
				B4184A7A21B8C0D000A98C88 /* LaunchScreen.storyboard in Resources */,
				B4184A7721B8C0D000A98C88 /* Assets.xcassets in Resources */,
				B4184A7521B8C0CD00A98C88 /* Main.storyboard in Resources */,
				B4604CF221B8FB88005B4A96 /* CustomAlert.xib in Resources */,
			);
			runOnlyForDeploymentPostprocessing = 0;
		};
/* End PBXResourcesBuildPhase section */

/* Begin PBXSourcesBuildPhase section */
		B4184A6821B8C0CD00A98C88 /* Sources */ = {
			isa = PBXSourcesBuildPhase;
			buildActionMask = 2147483647;
			files = (
				B4604CEC21B8CB74005B4A96 /* SecondViewController.swift in Sources */,
				B4184A7221B8C0CD00A98C88 /* ViewController.swift in Sources */,
				B4604CEE21B8E12D005B4A96 /* ThirdViewController.swift in Sources */,
				B4184A7021B8C0CD00A98C88 /* AppDelegate.swift in Sources */,
				B4604CF121B8FB88005B4A96 /* CustomAlert.swift in Sources */,
			);
			runOnlyForDeploymentPostprocessing = 0;
		};
/* End PBXSourcesBuildPhase section */

/* Begin PBXVariantGroup section */
		B4184A7321B8C0CD00A98C88 /* Main.storyboard */ = {
			isa = PBXVariantGroup;
			children = (
				B4184A7421B8C0CD00A98C88 /* Base */,
			);
			name = Main.storyboard;
			sourceTree = "<group>";
		};
		B4184A7821B8C0D000A98C88 /* LaunchScreen.storyboard */ = {
			isa = PBXVariantGroup;
			children = (
				B4184A7921B8C0D000A98C88 /* Base */,
			);
			name = LaunchScreen.storyboard;
			sourceTree = "<group>";
		};
/* End PBXVariantGroup section */

/* Begin XCBuildConfiguration section */
		B4184A7C21B8C0D000A98C88 /* Debug */ = {
			isa = XCBuildConfiguration;
			buildSettings = {
				ALWAYS_SEARCH_USER_PATHS = NO;
				CLANG_ANALYZER_NONNULL = YES;
				CLANG_ANALYZER_NUMBER_OBJECT_CONVERSION = YES_AGGRESSIVE;
				CLANG_CXX_LANGUAGE_STANDARD = "gnu++14";
				CLANG_CXX_LIBRARY = "libc++";
				CLANG_ENABLE_MODULES = YES;
				CLANG_ENABLE_OBJC_ARC = YES;
				CLANG_ENABLE_OBJC_WEAK = YES;
				CLANG_WARN_BLOCK_CAPTURE_AUTORELEASING = YES;
				CLANG_WARN_BOOL_CONVERSION = YES;
				CLANG_WARN_COMMA = YES;
				CLANG_WARN_CONSTANT_CONVERSION = YES;
				CLANG_WARN_DEPRECATED_OBJC_IMPLEMENTATIONS = YES;
				CLANG_WARN_DIRECT_OBJC_ISA_USAGE = YES_ERROR;
				CLANG_WARN_DOCUMENTATION_COMMENTS = YES;
				CLANG_WARN_EMPTY_BODY = YES;
				CLANG_WARN_ENUM_CONVERSION = YES;
				CLANG_WARN_INFINITE_RECURSION = YES;
				CLANG_WARN_INT_CONVERSION = YES;
				CLANG_WARN_NON_LITERAL_NULL_CONVERSION = YES;
				CLANG_WARN_OBJC_IMPLICIT_RETAIN_SELF = YES;
				CLANG_WARN_OBJC_LITERAL_CONVERSION = YES;
				CLANG_WARN_OBJC_ROOT_CLASS = YES_ERROR;
				CLANG_WARN_RANGE_LOOP_ANALYSIS = YES;
				CLANG_WARN_STRICT_PROTOTYPES = YES;
				CLANG_WARN_SUSPICIOUS_MOVE = YES;
				CLANG_WARN_UNGUARDED_AVAILABILITY = YES_AGGRESSIVE;
				CLANG_WARN_UNREACHABLE_CODE = YES;
				CLANG_WARN__DUPLICATE_METHOD_MATCH = YES;
				CODE_SIGN_IDENTITY = "iPhone Developer";
				COPY_PHASE_STRIP = NO;
				DEBUG_INFORMATION_FORMAT = dwarf;
				ENABLE_STRICT_OBJC_MSGSEND = YES;
				ENABLE_TESTABILITY = YES;
				GCC_C_LANGUAGE_STANDARD = gnu11;
				GCC_DYNAMIC_NO_PIC = NO;
				GCC_NO_COMMON_BLOCKS = YES;
				GCC_OPTIMIZATION_LEVEL = 0;
				GCC_PREPROCESSOR_DEFINITIONS = (
					"DEBUG=1",
					"$(inherited)",
				);
				GCC_WARN_64_TO_32_BIT_CONVERSION = YES;
				GCC_WARN_ABOUT_RETURN_TYPE = YES_ERROR;
				GCC_WARN_UNDECLARED_SELECTOR = YES;
				GCC_WARN_UNINITIALIZED_AUTOS = YES_AGGRESSIVE;
				GCC_WARN_UNUSED_FUNCTION = YES;
				GCC_WARN_UNUSED_VARIABLE = YES;
				IPHONEOS_DEPLOYMENT_TARGET = 12.1;
				MTL_ENABLE_DEBUG_INFO = INCLUDE_SOURCE;
				MTL_FAST_MATH = YES;
				ONLY_ACTIVE_ARCH = YES;
				SDKROOT = iphoneos;
				SWIFT_ACTIVE_COMPILATION_CONDITIONS = DEBUG;
				SWIFT_OPTIMIZATION_LEVEL = "-Onone";
			};
			name = Debug;
		};
		B4184A7D21B8C0D000A98C88 /* Release */ = {
			isa = XCBuildConfiguration;
			buildSettings = {
				ALWAYS_SEARCH_USER_PATHS = NO;
				CLANG_ANALYZER_NONNULL = YES;
				CLANG_ANALYZER_NUMBER_OBJECT_CONVERSION = YES_AGGRESSIVE;
				CLANG_CXX_LANGUAGE_STANDARD = "gnu++14";
				CLANG_CXX_LIBRARY = "libc++";
				CLANG_ENABLE_MODULES = YES;
				CLANG_ENABLE_OBJC_ARC = YES;
				CLANG_ENABLE_OBJC_WEAK = YES;
				CLANG_WARN_BLOCK_CAPTURE_AUTORELEASING = YES;
				CLANG_WARN_BOOL_CONVERSION = YES;
				CLANG_WARN_COMMA = YES;
				CLANG_WARN_CONSTANT_CONVERSION = YES;
				CLANG_WARN_DEPRECATED_OBJC_IMPLEMENTATIONS = YES;
				CLANG_WARN_DIRECT_OBJC_ISA_USAGE = YES_ERROR;
				CLANG_WARN_DOCUMENTATION_COMMENTS = YES;
				CLANG_WARN_EMPTY_BODY = YES;
				CLANG_WARN_ENUM_CONVERSION = YES;
				CLANG_WARN_INFINITE_RECURSION = YES;
				CLANG_WARN_INT_CONVERSION = YES;
				CLANG_WARN_NON_LITERAL_NULL_CONVERSION = YES;
				CLANG_WARN_OBJC_IMPLICIT_RETAIN_SELF = YES;
				CLANG_WARN_OBJC_LITERAL_CONVERSION = YES;
				CLANG_WARN_OBJC_ROOT_CLASS = YES_ERROR;
				CLANG_WARN_RANGE_LOOP_ANALYSIS = YES;
				CLANG_WARN_STRICT_PROTOTYPES = YES;
				CLANG_WARN_SUSPICIOUS_MOVE = YES;
				CLANG_WARN_UNGUARDED_AVAILABILITY = YES_AGGRESSIVE;
				CLANG_WARN_UNREACHABLE_CODE = YES;
				CLANG_WARN__DUPLICATE_METHOD_MATCH = YES;
				CODE_SIGN_IDENTITY = "iPhone Developer";
				COPY_PHASE_STRIP = NO;
				DEBUG_INFORMATION_FORMAT = "dwarf-with-dsym";
				ENABLE_NS_ASSERTIONS = NO;
				ENABLE_STRICT_OBJC_MSGSEND = YES;
				GCC_C_LANGUAGE_STANDARD = gnu11;
				GCC_NO_COMMON_BLOCKS = YES;
				GCC_WARN_64_TO_32_BIT_CONVERSION = YES;
				GCC_WARN_ABOUT_RETURN_TYPE = YES_ERROR;
				GCC_WARN_UNDECLARED_SELECTOR = YES;
				GCC_WARN_UNINITIALIZED_AUTOS = YES_AGGRESSIVE;
				GCC_WARN_UNUSED_FUNCTION = YES;
				GCC_WARN_UNUSED_VARIABLE = YES;
				IPHONEOS_DEPLOYMENT_TARGET = 12.1;
				MTL_ENABLE_DEBUG_INFO = NO;
				MTL_FAST_MATH = YES;
				SDKROOT = iphoneos;
				SWIFT_COMPILATION_MODE = wholemodule;
				SWIFT_OPTIMIZATION_LEVEL = "-O";
				VALIDATE_PRODUCT = YES;
			};
			name = Release;
		};
		B4184A7F21B8C0D000A98C88 /* Debug */ = {
			isa = XCBuildConfiguration;
			buildSettings = {
				ASSETCATALOG_COMPILER_APPICON_NAME = AppIcon;
				CODE_SIGN_STYLE = Automatic;
				INFOPLIST_FILE = UIAlertController/Info.plist;
				LD_RUNPATH_SEARCH_PATHS = (
					"$(inherited)",
					"@executable_path/Frameworks",
				);
				PRODUCT_BUNDLE_IDENTIFIER = com.strikingly.lumanmann.UIAlertController;
				PRODUCT_NAME = "$(TARGET_NAME)";
				SWIFT_VERSION = 4.2;
				TARGETED_DEVICE_FAMILY = "1,2";
			};
			name = Debug;
		};
		B4184A8021B8C0D000A98C88 /* Release */ = {
			isa = XCBuildConfiguration;
			buildSettings = {
				ASSETCATALOG_COMPILER_APPICON_NAME = AppIcon;
				CODE_SIGN_STYLE = Automatic;
				INFOPLIST_FILE = UIAlertController/Info.plist;
				LD_RUNPATH_SEARCH_PATHS = (
					"$(inherited)",
					"@executable_path/Frameworks",
				);
				PRODUCT_BUNDLE_IDENTIFIER = com.strikingly.lumanmann.UIAlertController;
				PRODUCT_NAME = "$(TARGET_NAME)";
				SWIFT_VERSION = 4.2;
				TARGETED_DEVICE_FAMILY = "1,2";
			};
			name = Release;
		};
/* End XCBuildConfiguration section */

/* Begin XCConfigurationList section */
		B4184A6721B8C0CD00A98C88 /* Build configuration list for PBXProject "UIAlertController" */ = {
			isa = XCConfigurationList;
			buildConfigurations = (
				B4184A7C21B8C0D000A98C88 /* Debug */,
				B4184A7D21B8C0D000A98C88 /* Release */,
			);
			defaultConfigurationIsVisible = 0;
			defaultConfigurationName = Release;
		};
		B4184A7E21B8C0D000A98C88 /* Build configuration list for PBXNativeTarget "UIAlertController" */ = {
			isa = XCConfigurationList;
			buildConfigurations = (
				B4184A7F21B8C0D000A98C88 /* Debug */,
				B4184A8021B8C0D000A98C88 /* Release */,
			);
			defaultConfigurationIsVisible = 0;
			defaultConfigurationName = Release;
		};
/* End XCConfigurationList section */
	};
	rootObject = B4184A6421B8C0CD00A98C88 /* Project object */;
}
